
Microsoft Visual Studio Solution File, Format Version 12.00
# Visual Studio Version 17
VisualStudioVersion = 17.6.33815.320
MinimumVisualStudioVersion = 10.0.40219.1
Project("{FAE04EC0-301F-11D3-BF4B-00C04F79EFBC}") = "Gun5Odev5", "Gun5Odev5\Gun5Odev5.csproj", "{310DB033-A00F-4553-8460-42EFF684793E}"
EndProject
Global
	GlobalSection(SolutionConfigurationPlatforms) = preSolution
		Debug|Any CPU = Debug|Any CPU
		Release|Any CPU = Release|Any CPU
	EndGlobalSection
	GlobalSection(ProjectConfigurationPlatforms) = postSolution
		{310DB033-A00F-4553-8460-42EFF684793E}.Debug|Any CPU.ActiveCfg = Debug|Any CPU
		{310DB033-A00F-4553-8460-42EFF684793E}.Debug|Any CPU.Build.0 = Debug|Any CPU
		{310DB033-A00F-4553-8460-42EFF684793E}.Release|Any CPU.ActiveCfg = Release|Any CPU
		{310DB033-A00F-4553-8460-42EFF684793E}.Release|Any CPU.Build.0 = Release|Any CPU
	EndGlobalSection
	GlobalSection(SolutionProperties) = preSolution
		HideSolutionNode = FALSE
	EndGlobalSection
	GlobalSection(ExtensibilityGlobals) = postSolution
		SolutionGuid = {99580DB2-2D57-4548-99AA-80A1054769A7}
	EndGlobalSection
EndGlobal
